
Microsoft Visual Studio Solution File, Format Version 12.00
# Visual Studio Version 17
VisualStudioVersion = 17.7.34018.315
MinimumVisualStudioVersion = 10.0.40219.1
Project("{FAE04EC0-301F-11D3-BF4B-00C04F79EFBC}") = "IPV4Translator", "IPV4Translator.csproj", "{05D96780-2665-4717-A8C3-219F4F5760F0}"
EndProject
Project("{FAE04EC0-301F-11D3-BF4B-00C04F79EFBC}") = "TestNetworkMethods", "..\TestNetworkMethods\TestNetworkMethods.csproj", "{50C52EC5-1600-4FD6-9A52-4F9619910EF2}"
EndProject
Global
	GlobalSection(SolutionConfigurationPlatforms) = preSolution
		Debug|Any CPU = Debug|Any CPU
		Release|Any CPU = Release|Any CPU
	EndGlobalSection
	GlobalSection(ProjectConfigurationPlatforms) = postSolution
		{05D96780-2665-4717-A8C3-219F4F5760F0}.Debug|Any CPU.ActiveCfg = Debug|Any CPU
		{05D96780-2665-4717-A8C3-219F4F5760F0}.Debug|Any CPU.Build.0 = Debug|Any CPU
		{05D96780-2665-4717-A8C3-219F4F5760F0}.Release|Any CPU.ActiveCfg = Release|Any CPU
		{05D96780-2665-4717-A8C3-219F4F5760F0}.Release|Any CPU.Build.0 = Release|Any CPU
		{50C52EC5-1600-4FD6-9A52-4F9619910EF2}.Debug|Any CPU.ActiveCfg = Debug|Any CPU
		{50C52EC5-1600-4FD6-9A52-4F9619910EF2}.Debug|Any CPU.Build.0 = Debug|Any CPU
		{50C52EC5-1600-4FD6-9A52-4F9619910EF2}.Release|Any CPU.ActiveCfg = Release|Any CPU
		{50C52EC5-1600-4FD6-9A52-4F9619910EF2}.Release|Any CPU.Build.0 = Release|Any CPU
	EndGlobalSection
	GlobalSection(SolutionProperties) = preSolution
		HideSolutionNode = FALSE
	EndGlobalSection
	GlobalSection(ExtensibilityGlobals) = postSolution
		SolutionGuid = {CE1FBAED-BA80-4082-9080-9CFC8EEBD05A}
	EndGlobalSection
EndGlobal
